{
  "version": 4,
  "terraform_version": "1.15.8",
  "serial": 5,
  "lineage": "2b9c2691-df6c-39fe-a783-626dcf917773",
  "outputs": {},
  "resources": [
    {
      "mode": "managed",
      "type": "varlet_input",
      "name": "env_tag",
      "provider": "provider[\"registry.terraform.io/google/varlet\"]",
      "instances": [
        {
          "schema_version": 0,
          "attributes": {
            "id": "security_tier_1/tagging_service/environment_tag_value",
            "name": "environment_tag_value",
            "namespace": "security_tier_1",
            "source_namespace": "tagging_service",
            "trigger": 1,
            "value": {
              "value": "production",
              "type": "string"
            }
          },
          "sensitive_attributes": [],
          "identity_schema_version": 0,
          "dependencies": [
            "varlet_namespace.self"
          ]
        }
      ]
    },
    {
      "mode": "managed",
      "type": "varlet_input",
      "name": "tag_keys",
      "provider": "provider[\"registry.terraform.io/google/varlet\"]",
      "instances": [
        {
          "schema_version": 0,
          "attributes": {
            "id": "security_tier_1/tagging_service/tag_keys",
            "name": "tag_keys",
            "namespace": "security_tier_1",
            "source_namespace": "tagging_service",
            "trigger": 1,
            "value": {
              "value": [
                "owner",
                "env",
                "billing_id"
              ],
              "type": [
                "tuple",
                [
                  "string",
                  "string",
                  "string"
                ]
              ]
            }
          },
          "sensitive_attributes": [],
          "identity_schema_version": 0,
          "dependencies": [
            "varlet_namespace.self"
          ]
        }
      ]
    },
    {
      "mode": "managed",
      "type": "varlet_namespace",
      "name": "self",
      "provider": "provider[\"registry.terraform.io/google/varlet\"]",
      "instances": [
        {
          "schema_version": 0,
          "attributes": {
            "allowed_consumers": [
              "lockdown_enforcer"
            ],
            "id": "security_tier_1",
            "name": "security_tier_1",
            "retention_policy": null,
            "run_webhook_url": "http://ci-cd.internal/trigger/security_tier_1",
            "webhook_delay_minutes": 0
          },
          "sensitive_attributes": [],
          "identity_schema_version": 0
        }
      ]
    },
    {
      "mode": "managed",
      "type": "varlet_output",
      "name": "policy_id",
      "provider": "provider[\"registry.terraform.io/google/varlet\"]",
      "instances": [
        {
          "schema_version": 0,
          "attributes": {
            "force_actuation": false,
            "id": "security_tier_1/tier_1_policy_id",
            "name": "tier_1_policy_id",
            "namespace": "security_tier_1",
            "value": {
              "value": "policy-standard-tier-1",
              "type": "string"
            }
          },
          "sensitive_attributes": [],
          "identity_schema_version": 0,
          "dependencies": [
            "varlet_namespace.self"
          ]
        }
      ]
    }
  ],
  "check_results": null
}
