{
  "version": 4,
  "terraform_version": "1.15.8",
  "serial": 3,
  "lineage": "1164307a-463f-cab2-d969-8aba16800fed",
  "outputs": {},
  "resources": [
    {
      "mode": "managed",
      "type": "varlet_input",
      "name": "lockdown",
      "provider": "provider[\"registry.terraform.io/google/varlet\"]",
      "instances": [
        {
          "schema_version": 0,
          "attributes": {
            "id": "zone_eu/lockdown_enforcer/lockdown_status",
            "name": "lockdown_status",
            "namespace": "zone_eu",
            "source_namespace": "lockdown_enforcer",
            "trigger": 1,
            "value": {
              "value": {
                "enforced": true,
                "timestamp": "2026-07-28T12:00:00Z"
              },
              "type": [
                "object",
                {
                  "enforced": "bool",
                  "timestamp": "string"
                }
              ]
            }
          },
          "sensitive_attributes": [],
          "identity_schema_version": 0,
          "dependencies": [
            "varlet_namespace.self"
          ]
        }
      ]
    },
    {
      "mode": "managed",
      "type": "varlet_namespace",
      "name": "self",
      "provider": "provider[\"registry.terraform.io/google/varlet\"]",
      "instances": [
        {
          "schema_version": 0,
          "attributes": {
            "allowed_consumers": null,
            "id": "zone_eu",
            "name": "zone_eu",
            "retention_policy": null,
            "run_webhook_url": "http://ci-cd.internal/trigger/zone_eu",
            "webhook_delay_minutes": 0
          },
          "sensitive_attributes": [],
          "identity_schema_version": 0
        }
      ]
    }
  ],
  "check_results": null
}
