{
  "version": 4,
  "terraform_version": "1.15.8",
  "serial": 4,
  "lineage": "75860dfd-3935-9099-eb22-6224e228bc26",
  "outputs": {},
  "resources": [
    {
      "mode": "managed",
      "type": "varlet_input",
      "name": "org_id",
      "provider": "provider[\"registry.terraform.io/google/varlet\"]",
      "instances": [
        {
          "schema_version": 0,
          "attributes": {
            "id": "policy_engine/bootstrap/organization_id",
            "name": "organization_id",
            "namespace": "policy_engine",
            "source_namespace": "bootstrap",
            "trigger": 1,
            "value": {
              "value": "org-998877",
              "type": "string"
            }
          },
          "sensitive_attributes": [],
          "identity_schema_version": 0,
          "dependencies": [
            "varlet_namespace.self"
          ]
        }
      ]
    },
    {
      "mode": "managed",
      "type": "varlet_namespace",
      "name": "self",
      "provider": "provider[\"registry.terraform.io/google/varlet\"]",
      "instances": [
        {
          "schema_version": 0,
          "attributes": {
            "allowed_consumers": [
              "lockdown_enforcer"
            ],
            "id": "policy_engine",
            "name": "policy_engine",
            "retention_policy": null,
            "run_webhook_url": "http://ci-cd.internal/trigger/policy_engine",
            "webhook_delay_minutes": 0
          },
          "sensitive_attributes": [],
          "identity_schema_version": 0
        }
      ]
    },
    {
      "mode": "managed",
      "type": "varlet_output",
      "name": "constraints",
      "provider": "provider[\"registry.terraform.io/google/varlet\"]",
      "instances": [
        {
          "schema_version": 0,
          "attributes": {
            "force_actuation": false,
            "id": "policy_engine/org_policy_constraints",
            "name": "org_policy_constraints",
            "namespace": "policy_engine",
            "value": {
              "value": [
                "gcp.restrictServiceUsage",
                "gcp.disableSerialPortAccess"
              ],
              "type": [
                "tuple",
                [
                  "string",
                  "string"
                ]
              ]
            }
          },
          "sensitive_attributes": [],
          "identity_schema_version": 0,
          "dependencies": [
            "varlet_namespace.self"
          ]
        }
      ]
    }
  ],
  "check_results": null
}
