{
  "version": 4,
  "terraform_version": "1.15.8",
  "serial": 7,
  "lineage": "29f3aac2-f7d8-be81-f186-ad5e58e04e3d",
  "outputs": {},
  "resources": [
    {
      "mode": "managed",
      "type": "varlet_input",
      "name": "deploy_id",
      "provider": "provider[\"registry.terraform.io/google/varlet\"]",
      "instances": [
        {
          "schema_version": 0,
          "attributes": {
            "id": "lockdown_enforcer/bootstrap/deployment_id",
            "name": "deployment_id",
            "namespace": "lockdown_enforcer",
            "source_namespace": "bootstrap",
            "trigger": 1,
            "value": {
              "value": "deploy-xyz-production",
              "type": "string"
            }
          },
          "sensitive_attributes": [],
          "identity_schema_version": 0,
          "dependencies": [
            "varlet_namespace.self"
          ]
        }
      ]
    },
    {
      "mode": "managed",
      "type": "varlet_input",
      "name": "org_constraints",
      "provider": "provider[\"registry.terraform.io/google/varlet\"]",
      "instances": [
        {
          "schema_version": 0,
          "attributes": {
            "id": "lockdown_enforcer/policy_engine/org_policy_constraints",
            "name": "org_policy_constraints",
            "namespace": "lockdown_enforcer",
            "source_namespace": "policy_engine",
            "trigger": 1,
            "value": {
              "value": [
                "gcp.restrictServiceUsage",
                "gcp.disableSerialPortAccess"
              ],
              "type": [
                "tuple",
                [
                  "string",
                  "string"
                ]
              ]
            }
          },
          "sensitive_attributes": [],
          "identity_schema_version": 0,
          "dependencies": [
            "varlet_namespace.self"
          ]
        }
      ]
    },
    {
      "mode": "managed",
      "type": "varlet_input",
      "name": "tier_1_policy",
      "provider": "provider[\"registry.terraform.io/google/varlet\"]",
      "instances": [
        {
          "schema_version": 0,
          "attributes": {
            "id": "lockdown_enforcer/security_tier_1/tier_1_policy_id",
            "name": "tier_1_policy_id",
            "namespace": "lockdown_enforcer",
            "source_namespace": "security_tier_1",
            "trigger": 1,
            "value": {
              "value": "policy-standard-tier-1",
              "type": "string"
            }
          },
          "sensitive_attributes": [],
          "identity_schema_version": 0,
          "dependencies": [
            "varlet_namespace.self"
          ]
        }
      ]
    },
    {
      "mode": "managed",
      "type": "varlet_input",
      "name": "tier_2_policies",
      "provider": "provider[\"registry.terraform.io/google/varlet\"]",
      "instances": [
        {
          "schema_version": 0,
          "attributes": {
            "id": "lockdown_enforcer/security_tier_2/tier_2_policy_ids",
            "name": "tier_2_policy_ids",
            "namespace": "lockdown_enforcer",
            "source_namespace": "security_tier_2",
            "trigger": 1,
            "value": {
              "value": {
                "level2": "policy-strict-tier-2",
                "level3": "policy-harden-tier-3",
                "level4": "policy-lockdown-tier-4"
              },
              "type": [
                "object",
                {
                  "level2": "string",
                  "level3": "string",
                  "level4": "string"
                }
              ]
            }
          },
          "sensitive_attributes": [],
          "identity_schema_version": 0,
          "dependencies": [
            "varlet_namespace.self"
          ]
        }
      ]
    },
    {
      "mode": "managed",
      "type": "varlet_namespace",
      "name": "self",
      "provider": "provider[\"registry.terraform.io/google/varlet\"]",
      "instances": [
        {
          "schema_version": 0,
          "attributes": {
            "allowed_consumers": [
              "zone_*"
            ],
            "id": "lockdown_enforcer",
            "name": "lockdown_enforcer",
            "retention_policy": null,
            "run_webhook_url": "http://ci-cd.internal/trigger/lockdown_enforcer",
            "webhook_delay_minutes": 0
          },
          "sensitive_attributes": [],
          "identity_schema_version": 0
        }
      ]
    },
    {
      "mode": "managed",
      "type": "varlet_output",
      "name": "status",
      "provider": "provider[\"registry.terraform.io/google/varlet\"]",
      "instances": [
        {
          "schema_version": 0,
          "attributes": {
            "force_actuation": false,
            "id": "lockdown_enforcer/lockdown_status",
            "name": "lockdown_status",
            "namespace": "lockdown_enforcer",
            "value": {
              "value": {
                "enforced": true,
                "timestamp": "2026-07-28T12:00:00Z"
              },
              "type": [
                "object",
                {
                  "enforced": "bool",
                  "timestamp": "string"
                }
              ]
            }
          },
          "sensitive_attributes": [],
          "identity_schema_version": 0,
          "dependencies": [
            "varlet_namespace.self"
          ]
        }
      ]
    }
  ],
  "check_results": null
}
