{
  "version": 4,
  "terraform_version": "1.15.8",
  "serial": 5,
  "lineage": "f215119a-2aac-bd90-3077-8debb4ea943f",
  "outputs": {},
  "resources": [
    {
      "mode": "managed",
      "type": "varlet_input",
      "name": "env_tag",
      "provider": "provider[\"registry.terraform.io/google/varlet\"]",
      "instances": [
        {
          "schema_version": 0,
          "attributes": {
            "id": "security_tier_2/tagging_service/environment_tag_value",
            "name": "environment_tag_value",
            "namespace": "security_tier_2",
            "source_namespace": "tagging_service",
            "trigger": 1,
            "value": {
              "value": "production",
              "type": "string"
            }
          },
          "sensitive_attributes": [],
          "identity_schema_version": 0,
          "dependencies": [
            "varlet_namespace.self"
          ]
        }
      ]
    },
    {
      "mode": "managed",
      "type": "varlet_input",
      "name": "tag_keys",
      "provider": "provider[\"registry.terraform.io/google/varlet\"]",
      "instances": [
        {
          "schema_version": 0,
          "attributes": {
            "id": "security_tier_2/tagging_service/tag_keys",
            "name": "tag_keys",
            "namespace": "security_tier_2",
            "source_namespace": "tagging_service",
            "trigger": 1,
            "value": {
              "value": [
                "owner",
                "env",
                "billing_id"
              ],
              "type": [
                "tuple",
                [
                  "string",
                  "string",
                  "string"
                ]
              ]
            }
          },
          "sensitive_attributes": [],
          "identity_schema_version": 0,
          "dependencies": [
            "varlet_namespace.self"
          ]
        }
      ]
    },
    {
      "mode": "managed",
      "type": "varlet_namespace",
      "name": "self",
      "provider": "provider[\"registry.terraform.io/google/varlet\"]",
      "instances": [
        {
          "schema_version": 0,
          "attributes": {
            "allowed_consumers": [
              "lockdown_enforcer"
            ],
            "id": "security_tier_2",
            "name": "security_tier_2",
            "retention_policy": null,
            "run_webhook_url": "http://ci-cd.internal/trigger/security_tier_2",
            "webhook_delay_minutes": 0
          },
          "sensitive_attributes": [],
          "identity_schema_version": 0
        }
      ]
    },
    {
      "mode": "managed",
      "type": "varlet_output",
      "name": "policy_ids",
      "provider": "provider[\"registry.terraform.io/google/varlet\"]",
      "instances": [
        {
          "schema_version": 0,
          "attributes": {
            "force_actuation": false,
            "id": "security_tier_2/tier_2_policy_ids",
            "name": "tier_2_policy_ids",
            "namespace": "security_tier_2",
            "value": {
              "value": {
                "level2": "policy-strict-tier-2",
                "level3": "policy-harden-tier-3",
                "level4": "policy-lockdown-tier-4"
              },
              "type": [
                "object",
                {
                  "level2": "string",
                  "level3": "string",
                  "level4": "string"
                }
              ]
            }
          },
          "sensitive_attributes": [],
          "identity_schema_version": 0,
          "dependencies": [
            "varlet_namespace.self"
          ]
        }
      ]
    }
  ],
  "check_results": null
}
