{
  "version": 4,
  "terraform_version": "1.15.8",
  "serial": 4,
  "lineage": "13c48d2d-cbe6-0dc8-3de1-ac5164d2b17a",
  "outputs": {},
  "resources": [
    {
      "mode": "managed",
      "type": "varlet_namespace",
      "name": "self",
      "provider": "provider[\"registry.terraform.io/google/varlet\"]",
      "instances": [
        {
          "schema_version": 0,
          "attributes": {
            "allowed_consumers": [
              "*"
            ],
            "id": "bootstrap",
            "name": "bootstrap",
            "retention_policy": null,
            "run_webhook_url": null,
            "webhook_delay_minutes": 0
          },
          "sensitive_attributes": [],
          "identity_schema_version": 0
        }
      ]
    },
    {
      "mode": "managed",
      "type": "varlet_output",
      "name": "deployment_id",
      "provider": "provider[\"registry.terraform.io/google/varlet\"]",
      "instances": [
        {
          "schema_version": 0,
          "attributes": {
            "force_actuation": false,
            "id": "bootstrap/deployment_id",
            "name": "deployment_id",
            "namespace": "bootstrap",
            "value": {
              "value": "deploy-xyz-production",
              "type": "string"
            }
          },
          "sensitive_attributes": [],
          "identity_schema_version": 0,
          "dependencies": [
            "varlet_namespace.self"
          ]
        }
      ]
    },
    {
      "mode": "managed",
      "type": "varlet_output",
      "name": "organization_id",
      "provider": "provider[\"registry.terraform.io/google/varlet\"]",
      "instances": [
        {
          "schema_version": 0,
          "attributes": {
            "force_actuation": false,
            "id": "bootstrap/organization_id",
            "name": "organization_id",
            "namespace": "bootstrap",
            "value": {
              "value": "org-998877",
              "type": "string"
            }
          },
          "sensitive_attributes": [],
          "identity_schema_version": 0,
          "dependencies": [
            "varlet_namespace.self"
          ]
        }
      ]
    }
  ],
  "check_results": null
}
