{
  "version": 4,
  "terraform_version": "1.15.8",
  "serial": 6,
  "lineage": "96311c72-e0cf-bcde-aa66-f3f8850b7842",
  "outputs": {},
  "resources": [
    {
      "mode": "managed",
      "type": "varlet_input",
      "name": "deploy_id",
      "provider": "provider[\"registry.terraform.io/google/varlet\"]",
      "instances": [
        {
          "schema_version": 0,
          "attributes": {
            "id": "tagging_service/bootstrap/deployment_id",
            "name": "deployment_id",
            "namespace": "tagging_service",
            "source_namespace": "bootstrap",
            "trigger": 1,
            "value": {
              "value": "deploy-xyz-production",
              "type": "string"
            }
          },
          "sensitive_attributes": [],
          "identity_schema_version": 0,
          "dependencies": [
            "varlet_namespace.self"
          ]
        }
      ]
    },
    {
      "mode": "managed",
      "type": "varlet_input",
      "name": "org_id",
      "provider": "provider[\"registry.terraform.io/google/varlet\"]",
      "instances": [
        {
          "schema_version": 0,
          "attributes": {
            "id": "tagging_service/bootstrap/organization_id",
            "name": "organization_id",
            "namespace": "tagging_service",
            "source_namespace": "bootstrap",
            "trigger": 1,
            "value": {
              "value": "org-998877",
              "type": "string"
            }
          },
          "sensitive_attributes": [],
          "identity_schema_version": 0,
          "dependencies": [
            "varlet_namespace.self"
          ]
        }
      ]
    },
    {
      "mode": "managed",
      "type": "varlet_namespace",
      "name": "self",
      "provider": "provider[\"registry.terraform.io/google/varlet\"]",
      "instances": [
        {
          "schema_version": 0,
          "attributes": {
            "allowed_consumers": [
              "security_tier_1",
              "security_tier_2"
            ],
            "id": "tagging_service",
            "name": "tagging_service",
            "retention_policy": null,
            "run_webhook_url": "http://ci-cd.internal/trigger/tagging_service",
            "webhook_delay_minutes": 2
          },
          "sensitive_attributes": [],
          "identity_schema_version": 0
        }
      ]
    },
    {
      "mode": "managed",
      "type": "varlet_output",
      "name": "env_tag",
      "provider": "provider[\"registry.terraform.io/google/varlet\"]",
      "instances": [
        {
          "schema_version": 0,
          "attributes": {
            "force_actuation": false,
            "id": "tagging_service/environment_tag_value",
            "name": "environment_tag_value",
            "namespace": "tagging_service",
            "value": {
              "value": "production",
              "type": "string"
            }
          },
          "sensitive_attributes": [],
          "identity_schema_version": 0,
          "dependencies": [
            "varlet_namespace.self"
          ]
        }
      ]
    },
    {
      "mode": "managed",
      "type": "varlet_output",
      "name": "tag_keys",
      "provider": "provider[\"registry.terraform.io/google/varlet\"]",
      "instances": [
        {
          "schema_version": 0,
          "attributes": {
            "force_actuation": false,
            "id": "tagging_service/tag_keys",
            "name": "tag_keys",
            "namespace": "tagging_service",
            "value": {
              "value": [
                "owner",
                "env",
                "billing_id"
              ],
              "type": [
                "tuple",
                [
                  "string",
                  "string",
                  "string"
                ]
              ]
            }
          },
          "sensitive_attributes": [],
          "identity_schema_version": 0,
          "dependencies": [
            "varlet_namespace.self"
          ]
        }
      ]
    }
  ],
  "check_results": null
}
